
Microsoft Visual Studio Solution File, Format Version 12.00
# Visual Studio Version 17
VisualStudioVersion = 17.13.35806.99 d17.13
MinimumVisualStudioVersion = 10.0.40219.1
Project("{FAE04EC0-301F-11D3-BF4B-00C04F79EFBC}") = "ConsoleApp2", "ConsoleApp2.csproj", "{907D91C9-3628-4083-90D6-5F1303AECCC2}"
EndProject
Global
	GlobalSection(SolutionConfigurationPlatforms) = preSolution
		Debug|Any CPU = Debug|Any CPU
		Release|Any CPU = Release|Any CPU
	EndGlobalSection
	GlobalSection(ProjectConfigurationPlatforms) = postSolution
		{907D91C9-3628-4083-90D6-5F1303AECCC2}.Debug|Any CPU.ActiveCfg = Debug|Any CPU
		{907D91C9-3628-4083-90D6-5F1303AECCC2}.Debug|Any CPU.Build.0 = Debug|Any CPU
		{907D91C9-3628-4083-90D6-5F1303AECCC2}.Release|Any CPU.ActiveCfg = Release|Any CPU
		{907D91C9-3628-4083-90D6-5F1303AECCC2}.Release|Any CPU.Build.0 = Release|Any CPU
	EndGlobalSection
	GlobalSection(SolutionProperties) = preSolution
		HideSolutionNode = FALSE
	EndGlobalSection
	GlobalSection(ExtensibilityGlobals) = postSolution
		SolutionGuid = {409037EC-F0AF-45F2-8EC8-5102BCB0BBA8}
	EndGlobalSection
EndGlobal
