
Microsoft Visual Studio Solution File, Format Version 12.00
# Visual Studio Version 17
VisualStudioVersion = 17.13.35806.99 d17.13
MinimumVisualStudioVersion = 10.0.40219.1
Project("{FAE04EC0-301F-11D3-BF4B-00C04F79EFBC}") = "ConsoleApp4", "ConsoleApp4.csproj", "{23E5FF63-F7AA-489A-84D6-92DF6A5E9BFA}"
EndProject
Global
	GlobalSection(SolutionConfigurationPlatforms) = preSolution
		Debug|Any CPU = Debug|Any CPU
		Release|Any CPU = Release|Any CPU
	EndGlobalSection
	GlobalSection(ProjectConfigurationPlatforms) = postSolution
		{23E5FF63-F7AA-489A-84D6-92DF6A5E9BFA}.Debug|Any CPU.ActiveCfg = Debug|Any CPU
		{23E5FF63-F7AA-489A-84D6-92DF6A5E9BFA}.Debug|Any CPU.Build.0 = Debug|Any CPU
		{23E5FF63-F7AA-489A-84D6-92DF6A5E9BFA}.Release|Any CPU.ActiveCfg = Release|Any CPU
		{23E5FF63-F7AA-489A-84D6-92DF6A5E9BFA}.Release|Any CPU.Build.0 = Release|Any CPU
	EndGlobalSection
	GlobalSection(SolutionProperties) = preSolution
		HideSolutionNode = FALSE
	EndGlobalSection
	GlobalSection(ExtensibilityGlobals) = postSolution
		SolutionGuid = {41A5CE3B-4ADF-4C83-BA3E-5F5CD01E4FB9}
	EndGlobalSection
EndGlobal
